
Microsoft Visual Studio Solution File, Format Version 10.00
# Visual C# Express 2008
Project("{FAE04EC0-301F-11D3-BF4B-00C04F79EFBC}") = "game", "game\game.csproj", "{4B9FDEEE-424A-49CF-AB5A-5F1FCFEF4394}"
EndProject
Global
	GlobalSection(SolutionConfigurationPlatforms) = preSolution
		Debug|Any CPU = Debug|Any CPU
		Release|Any CPU = Release|Any CPU
	EndGlobalSection
	GlobalSection(ProjectConfigurationPlatforms) = postSolution
		{4B9FDEEE-424A-49CF-AB5A-5F1FCFEF4394}.Debug|Any CPU.ActiveCfg = Debug|Any CPU
		{4B9FDEEE-424A-49CF-AB5A-5F1FCFEF4394}.Debug|Any CPU.Build.0 = Debug|Any CPU
		{4B9FDEEE-424A-49CF-AB5A-5F1FCFEF4394}.Release|Any CPU.ActiveCfg = Release|Any CPU
		{4B9FDEEE-424A-49CF-AB5A-5F1FCFEF4394}.Release|Any CPU.Build.0 = Release|Any CPU
	EndGlobalSection
	GlobalSection(SolutionProperties) = preSolution
		HideSolutionNode = FALSE
	EndGlobalSection
EndGlobal
